
Microsoft Visual Studio Solution File, Format Version 12.00
# Visual Studio Version 17
VisualStudioVersion = 17.10.35027.167
MinimumVisualStudioVersion = 10.0.40219.1
Project("{FAE04EC0-301F-11D3-BF4B-00C04F79EFBC}") = "ConsoleApp36", "ConsoleApp36.csproj", "{8C2169C2-6154-435B-BABE-91AB90BEAFEA}"
EndProject
Global
	GlobalSection(SolutionConfigurationPlatforms) = preSolution
		Debug|Any CPU = Debug|Any CPU
		Release|Any CPU = Release|Any CPU
	EndGlobalSection
	GlobalSection(ProjectConfigurationPlatforms) = postSolution
		{8C2169C2-6154-435B-BABE-91AB90BEAFEA}.Debug|Any CPU.ActiveCfg = Debug|Any CPU
		{8C2169C2-6154-435B-BABE-91AB90BEAFEA}.Debug|Any CPU.Build.0 = Debug|Any CPU
		{8C2169C2-6154-435B-BABE-91AB90BEAFEA}.Release|Any CPU.ActiveCfg = Release|Any CPU
		{8C2169C2-6154-435B-BABE-91AB90BEAFEA}.Release|Any CPU.Build.0 = Release|Any CPU
	EndGlobalSection
	GlobalSection(SolutionProperties) = preSolution
		HideSolutionNode = FALSE
	EndGlobalSection
	GlobalSection(ExtensibilityGlobals) = postSolution
		SolutionGuid = {159E8687-4368-4E26-84F2-1CAED98EBAEE}
	EndGlobalSection
EndGlobal
